// !$*UTF8*$!
{
	archiveVersion = 1;
	classes = {
	};
	objectVersion = 50;
	objects = {

/* Begin PBXBuildFile section */
		65C8C9F1256F0866000327BB /* OpenGL.framework in Frameworks */ = {isa = PBXBuildFile; fileRef = 65C8C9F0256F0866000327BB /* OpenGL.framework */; };
		65C8C9F3256F0877000327BB /* GLUT.framework in Frameworks */ = {isa = PBXBuildFile; fileRef = 65C8C9F2256F0877000327BB /* GLUT.framework */; };
		65D595342575FC9C007864AD /* texture.cpp in Sources */ = {isa = PBXBuildFile; fileRef = 65D5952F2575FC9C007864AD /* texture.cpp */; };
		65D595352575FC9C007864AD /* Camera.cpp in Sources */ = {isa = PBXBuildFile; fileRef = 65D595312575FC9C007864AD /* Camera.cpp */; };
		65D595362575FC9C007864AD /* figuras.cpp in Sources */ = {isa = PBXBuildFile; fileRef = 65D595322575FC9C007864AD /* figuras.cpp */; };
		65D5953925760394007864AD /* main_prac12.cpp in Sources */ = {isa = PBXBuildFile; fileRef = 65D5953825760394007864AD /* main_prac12.cpp */; };
/* End PBXBuildFile section */

/* Begin PBXCopyFilesBuildPhase section */
		65C8C9E3256F07D9000327BB /* CopyFiles */ = {
			isa = PBXCopyFilesBuildPhase;
			buildActionMask = 2147483647;
			dstPath = /usr/share/man/man1/;
			dstSubfolderSpec = 0;
			files = (
			);
			runOnlyForDeploymentPostprocessing = 1;
		};
/* End PBXCopyFilesBuildPhase section */

/* Begin PBXFileReference section */
		65C8C9E5256F07D9000327BB /* CGrafica */ = {isa = PBXFileReference; explicitFileType = "compiled.mach-o.executable"; includeInIndex = 0; path = CGrafica; sourceTree = BUILT_PRODUCTS_DIR; };
		65C8C9F0256F0866000327BB /* OpenGL.framework */ = {isa = PBXFileReference; lastKnownFileType = wrapper.framework; name = OpenGL.framework; path = System/Library/Frameworks/OpenGL.framework; sourceTree = SDKROOT; };
		65C8C9F2256F0877000327BB /* GLUT.framework */ = {isa = PBXFileReference; lastKnownFileType = wrapper.framework; name = GLUT.framework; path = System/Library/Frameworks/GLUT.framework; sourceTree = SDKROOT; };
		65D5952E2575FC9C007864AD /* texture.h */ = {isa = PBXFileReference; fileEncoding = 4; lastKnownFileType = sourcecode.c.h; path = texture.h; sourceTree = "<group>"; };
		65D5952F2575FC9C007864AD /* texture.cpp */ = {isa = PBXFileReference; fileEncoding = 4; lastKnownFileType = sourcecode.cpp.cpp; path = texture.cpp; sourceTree = "<group>"; };
		65D595302575FC9C007864AD /* Camera.h */ = {isa = PBXFileReference; fileEncoding = 4; lastKnownFileType = sourcecode.c.h; path = Camera.h; sourceTree = "<group>"; };
		65D595312575FC9C007864AD /* Camera.cpp */ = {isa = PBXFileReference; fileEncoding = 4; lastKnownFileType = sourcecode.cpp.cpp; path = Camera.cpp; sourceTree = "<group>"; };
		65D595322575FC9C007864AD /* figuras.cpp */ = {isa = PBXFileReference; fileEncoding = 4; lastKnownFileType = sourcecode.cpp.cpp; path = figuras.cpp; sourceTree = "<group>"; };
		65D595332575FC9C007864AD /* figuras.h */ = {isa = PBXFileReference; fileEncoding = 4; lastKnownFileType = sourcecode.c.h; path = figuras.h; sourceTree = "<group>"; };
		65D595372575FCB9007864AD /* Main.h */ = {isa = PBXFileReference; fileEncoding = 4; lastKnownFileType = sourcecode.c.h; path = Main.h; sourceTree = "<group>"; };
		65D5953825760394007864AD /* main_prac12.cpp */ = {isa = PBXFileReference; lastKnownFileType = sourcecode.cpp.cpp; name = main_prac12.cpp; path = /Users/daniel/Desktop/CGrafica/CGrafica/CGrafica/main_prac12.cpp; sourceTree = "<absolute>"; };
		65D5953A257603CA007864AD /* cmodel */ = {isa = PBXFileReference; lastKnownFileType = folder; path = cmodel; sourceTree = "<group>"; };
		65D5953B257603CA007864AD /* maths */ = {isa = PBXFileReference; lastKnownFileType = folder; path = maths; sourceTree = "<group>"; };
/* End PBXFileReference section */

/* Begin PBXFrameworksBuildPhase section */
		65C8C9E2256F07D9000327BB /* Frameworks */ = {
			isa = PBXFrameworksBuildPhase;
			buildActionMask = 2147483647;
			files = (
				65C8C9F3256F0877000327BB /* GLUT.framework in Frameworks */,
				65C8C9F1256F0866000327BB /* OpenGL.framework in Frameworks */,
			);
			runOnlyForDeploymentPostprocessing = 0;
		};
/* End PBXFrameworksBuildPhase section */

/* Begin PBXGroup section */
		65C8C9DC256F07D9000327BB = {
			isa = PBXGroup;
			children = (
				65C8C9E7256F07D9000327BB /* CGrafica */,
				65C8C9E6256F07D9000327BB /* Products */,
				65C8C9EF256F0866000327BB /* Frameworks */,
			);
			sourceTree = "<group>";
		};
		65C8C9E6256F07D9000327BB /* Products */ = {
			isa = PBXGroup;
			children = (
				65C8C9E5256F07D9000327BB /* CGrafica */,
			);
			name = Products;
			sourceTree = "<group>";
		};
		65C8C9E7256F07D9000327BB /* CGrafica */ = {
			isa = PBXGroup;
			children = (
				65D5953A257603CA007864AD /* cmodel */,
				65D5953B257603CA007864AD /* maths */,
				65D595312575FC9C007864AD /* Camera.cpp */,
				65D595302575FC9C007864AD /* Camera.h */,
				65D595372575FCB9007864AD /* Main.h */,
				65D595322575FC9C007864AD /* figuras.cpp */,
				65D595332575FC9C007864AD /* figuras.h */,
				65D5952F2575FC9C007864AD /* texture.cpp */,
				65D5952E2575FC9C007864AD /* texture.h */,
				65D5953825760394007864AD /* main_prac12.cpp */,
			);
			path = CGrafica;
			sourceTree = "<group>";
		};
		65C8C9EF256F0866000327BB /* Frameworks */ = {
			isa = PBXGroup;
			children = (
				65C8C9F2256F0877000327BB /* GLUT.framework */,
				65C8C9F0256F0866000327BB /* OpenGL.framework */,
			);
			name = Frameworks;
			sourceTree = "<group>";
		};
/* End PBXGroup section */

/* Begin PBXNativeTarget section */
		65C8C9E4256F07D9000327BB /* CGrafica */ = {
			isa = PBXNativeTarget;
			buildConfigurationList = 65C8C9EC256F07D9000327BB /* Build configuration list for PBXNativeTarget "CGrafica" */;
			buildPhases = (
				65C8C9E1256F07D9000327BB /* Sources */,
				65C8C9E2256F07D9000327BB /* Frameworks */,
				65C8C9E3256F07D9000327BB /* CopyFiles */,
			);
			buildRules = (
			);
			dependencies = (
			);
			name = CGrafica;
			productName = CGrafica;
			productReference = 65C8C9E5256F07D9000327BB /* CGrafica */;
			productType = "com.apple.product-type.tool";
		};
/* End PBXNativeTarget section */

/* Begin PBXProject section */
		65C8C9DD256F07D9000327BB /* Project object */ = {
			isa = PBXProject;
			attributes = {
				LastUpgradeCheck = 1010;
				ORGANIZATIONNAME = "Daniel Ponce de León";
				TargetAttributes = {
					65C8C9E4256F07D9000327BB = {
						CreatedOnToolsVersion = 10.1;
					};
				};
			};
			buildConfigurationList = 65C8C9E0256F07D9000327BB /* Build configuration list for PBXProject "CGrafica" */;
			compatibilityVersion = "Xcode 9.3";
			developmentRegion = en;
			hasScannedForEncodings = 0;
			knownRegions = (
				en,
			);
			mainGroup = 65C8C9DC256F07D9000327BB;
			productRefGroup = 65C8C9E6256F07D9000327BB /* Products */;
			projectDirPath = "";
			projectRoot = "";
			targets = (
				65C8C9E4256F07D9000327BB /* CGrafica */,
			);
		};
/* End PBXProject section */

/* Begin PBXSourcesBuildPhase section */
		65C8C9E1256F07D9000327BB /* Sources */ = {
			isa = PBXSourcesBuildPhase;
			buildActionMask = 2147483647;
			files = (
				65D595362575FC9C007864AD /* figuras.cpp in Sources */,
				65D5953925760394007864AD /* main_prac12.cpp in Sources */,
				65D595352575FC9C007864AD /* Camera.cpp in Sources */,
				65D595342575FC9C007864AD /* texture.cpp in Sources */,
			);
			runOnlyForDeploymentPostprocessing = 0;
		};
/* End PBXSourcesBuildPhase section */

/* Begin XCBuildConfiguration section */
		65C8C9EA256F07D9000327BB /* Debug */ = {
			isa = XCBuildConfiguration;
			buildSettings = {
				ALWAYS_SEARCH_USER_PATHS = NO;
				CLANG_ANALYZER_NONNULL = YES;
				CLANG_ANALYZER_NUMBER_OBJECT_CONVERSION = YES_AGGRESSIVE;
				CLANG_CXX_LANGUAGE_STANDARD = "gnu++14";
				CLANG_CXX_LIBRARY = "libc++";
				CLANG_ENABLE_MODULES = YES;
				CLANG_ENABLE_OBJC_ARC = YES;
				CLANG_ENABLE_OBJC_WEAK = YES;
				CLANG_WARN_BLOCK_CAPTURE_AUTORELEASING = YES;
				CLANG_WARN_BOOL_CONVERSION = YES;
				CLANG_WARN_COMMA = YES;
				CLANG_WARN_CONSTANT_CONVERSION = YES;
				CLANG_WARN_DEPRECATED_OBJC_IMPLEMENTATIONS = YES;
				CLANG_WARN_DIRECT_OBJC_ISA_USAGE = YES_ERROR;
				CLANG_WARN_DOCUMENTATION_COMMENTS = YES;
				CLANG_WARN_EMPTY_BODY = YES;
				CLANG_WARN_ENUM_CONVERSION = YES;
				CLANG_WARN_INFINITE_RECURSION = YES;
				CLANG_WARN_INT_CONVERSION = YES;
				CLANG_WARN_NON_LITERAL_NULL_CONVERSION = YES;
				CLANG_WARN_OBJC_IMPLICIT_RETAIN_SELF = YES;
				CLANG_WARN_OBJC_LITERAL_CONVERSION = YES;
				CLANG_WARN_OBJC_ROOT_CLASS = YES_ERROR;
				CLANG_WARN_RANGE_LOOP_ANALYSIS = YES;
				CLANG_WARN_STRICT_PROTOTYPES = YES;
				CLANG_WARN_SUSPICIOUS_MOVE = YES;
				CLANG_WARN_UNGUARDED_AVAILABILITY = YES_AGGRESSIVE;
				CLANG_WARN_UNREACHABLE_CODE = YES;
				CLANG_WARN__DUPLICATE_METHOD_MATCH = YES;
				CODE_SIGN_IDENTITY = "-";
				COPY_PHASE_STRIP = NO;
				DEBUG_INFORMATION_FORMAT = dwarf;
				ENABLE_STRICT_OBJC_MSGSEND = YES;
				ENABLE_TESTABILITY = YES;
				GCC_C_LANGUAGE_STANDARD = gnu11;
				GCC_DYNAMIC_NO_PIC = NO;
				GCC_NO_COMMON_BLOCKS = YES;
				GCC_OPTIMIZATION_LEVEL = 0;
				GCC_PREPROCESSOR_DEFINITIONS = (
					"DEBUG=1",
					"$(inherited)",
				);
				GCC_WARN_64_TO_32_BIT_CONVERSION = YES;
				GCC_WARN_ABOUT_DEPRECATED_FUNCTIONS = NO;
				GCC_WARN_ABOUT_RETURN_TYPE = YES_ERROR;
				GCC_WARN_UNDECLARED_SELECTOR = YES;
				GCC_WARN_UNINITIALIZED_AUTOS = YES_AGGRESSIVE;
				GCC_WARN_UNUSED_FUNCTION = YES;
				GCC_WARN_UNUSED_VARIABLE = YES;
				HEADER_SEARCH_PATHS = "\"$(SRCROOT)/CGrafica\"/**";
				MACOSX_DEPLOYMENT_TARGET = 10.13;
				MTL_ENABLE_DEBUG_INFO = INCLUDE_SOURCE;
				MTL_FAST_MATH = YES;
				ONLY_ACTIVE_ARCH = YES;
				SDKROOT = macosx;
			};
			name = Debug;
		};
		65C8C9EB256F07D9000327BB /* Release */ = {
			isa = XCBuildConfiguration;
			buildSettings = {
				ALWAYS_SEARCH_USER_PATHS = NO;
				CLANG_ANALYZER_NONNULL = YES;
				CLANG_ANALYZER_NUMBER_OBJECT_CONVERSION = YES_AGGRESSIVE;
				CLANG_CXX_LANGUAGE_STANDARD = "gnu++14";
				CLANG_CXX_LIBRARY = "libc++";
				CLANG_ENABLE_MODULES = YES;
				CLANG_ENABLE_OBJC_ARC = YES;
				CLANG_ENABLE_OBJC_WEAK = YES;
				CLANG_WARN_BLOCK_CAPTURE_AUTORELEASING = YES;
				CLANG_WARN_BOOL_CONVERSION = YES;
				CLANG_WARN_COMMA = YES;
				CLANG_WARN_CONSTANT_CONVERSION = YES;
				CLANG_WARN_DEPRECATED_OBJC_IMPLEMENTATIONS = YES;
				CLANG_WARN_DIRECT_OBJC_ISA_USAGE = YES_ERROR;
				CLANG_WARN_DOCUMENTATION_COMMENTS = YES;
				CLANG_WARN_EMPTY_BODY = YES;
				CLANG_WARN_ENUM_CONVERSION = YES;
				CLANG_WARN_INFINITE_RECURSION = YES;
				CLANG_WARN_INT_CONVERSION = YES;
				CLANG_WARN_NON_LITERAL_NULL_CONVERSION = YES;
				CLANG_WARN_OBJC_IMPLICIT_RETAIN_SELF = YES;
				CLANG_WARN_OBJC_LITERAL_CONVERSION = YES;
				CLANG_WARN_OBJC_ROOT_CLASS = YES_ERROR;
				CLANG_WARN_RANGE_LOOP_ANALYSIS = YES;
				CLANG_WARN_STRICT_PROTOTYPES = YES;
				CLANG_WARN_SUSPICIOUS_MOVE = YES;
				CLANG_WARN_UNGUARDED_AVAILABILITY = YES_AGGRESSIVE;
				CLANG_WARN_UNREACHABLE_CODE = YES;
				CLANG_WARN__DUPLICATE_METHOD_MATCH = YES;
				CODE_SIGN_IDENTITY = "-";
				COPY_PHASE_STRIP = NO;
				DEBUG_INFORMATION_FORMAT = "dwarf-with-dsym";
				ENABLE_NS_ASSERTIONS = NO;
				ENABLE_STRICT_OBJC_MSGSEND = YES;
				GCC_C_LANGUAGE_STANDARD = gnu11;
				GCC_NO_COMMON_BLOCKS = YES;
				GCC_WARN_64_TO_32_BIT_CONVERSION = YES;
				GCC_WARN_ABOUT_DEPRECATED_FUNCTIONS = NO;
				GCC_WARN_ABOUT_RETURN_TYPE = YES_ERROR;
				GCC_WARN_UNDECLARED_SELECTOR = YES;
				GCC_WARN_UNINITIALIZED_AUTOS = YES_AGGRESSIVE;
				GCC_WARN_UNUSED_FUNCTION = YES;
				GCC_WARN_UNUSED_VARIABLE = YES;
				HEADER_SEARCH_PATHS = "\"$(SRCROOT)/CGrafica\"/**";
				MACOSX_DEPLOYMENT_TARGET = 10.13;
				MTL_ENABLE_DEBUG_INFO = NO;
				MTL_FAST_MATH = YES;
				SDKROOT = macosx;
			};
			name = Release;
		};
		65C8C9ED256F07D9000327BB /* Debug */ = {
			isa = XCBuildConfiguration;
			buildSettings = {
				CODE_SIGN_STYLE = Automatic;
				GCC_WARN_ABOUT_DEPRECATED_FUNCTIONS = NO;
				GCC_WARN_INHIBIT_ALL_WARNINGS = NO;
				PRODUCT_NAME = "$(TARGET_NAME)";
			};
			name = Debug;
		};
		65C8C9EE256F07D9000327BB /* Release */ = {
			isa = XCBuildConfiguration;
			buildSettings = {
				CODE_SIGN_STYLE = Automatic;
				GCC_WARN_ABOUT_DEPRECATED_FUNCTIONS = NO;
				GCC_WARN_INHIBIT_ALL_WARNINGS = NO;
				PRODUCT_NAME = "$(TARGET_NAME)";
			};
			name = Release;
		};
/* End XCBuildConfiguration section */

/* Begin XCConfigurationList section */
		65C8C9E0256F07D9000327BB /* Build configuration list for PBXProject "CGrafica" */ = {
			isa = XCConfigurationList;
			buildConfigurations = (
				65C8C9EA256F07D9000327BB /* Debug */,
				65C8C9EB256F07D9000327BB /* Release */,
			);
			defaultConfigurationIsVisible = 0;
			defaultConfigurationName = Release;
		};
		65C8C9EC256F07D9000327BB /* Build configuration list for PBXNativeTarget "CGrafica" */ = {
			isa = XCConfigurationList;
			buildConfigurations = (
				65C8C9ED256F07D9000327BB /* Debug */,
				65C8C9EE256F07D9000327BB /* Release */,
			);
			defaultConfigurationIsVisible = 0;
			defaultConfigurationName = Release;
		};
/* End XCConfigurationList section */
	};
	rootObject = 65C8C9DD256F07D9000327BB /* Project object */;
}
